// !$*UTF8*$!
{
	archiveVersion = 1;
	classes = {
	};
	objectVersion = 46;
	objects = {

/* Begin PBXBuildFile section */
		9744A2116F178D5162730792 /* libPods-Demo.a in Frameworks */ = {isa = PBXBuildFile; fileRef = D3726868E1BDDE7DA5D110BE /* libPods-Demo.a */; };
		E311D2641F17B70C00F9EA3B /* libmp3lame.a in Frameworks */ = {isa = PBXBuildFile; fileRef = E311D2631F17B70C00F9EA3B /* libmp3lame.a */; };
		E3484F371F15BD8C00EB0E08 /* main.m in Sources */ = {isa = PBXBuildFile; fileRef = E3484F361F15BD8C00EB0E08 /* main.m */; };
		E3484F3A1F15BD8C00EB0E08 /* AppDelegate.m in Sources */ = {isa = PBXBuildFile; fileRef = E3484F391F15BD8C00EB0E08 /* AppDelegate.m */; };
		E3484F3D1F15BD8C00EB0E08 /* ViewController.m in Sources */ = {isa = PBXBuildFile; fileRef = E3484F3C1F15BD8C00EB0E08 /* ViewController.m */; };
		E3484F401F15BD8C00EB0E08 /* Main.storyboard in Resources */ = {isa = PBXBuildFile; fileRef = E3484F3E1F15BD8C00EB0E08 /* Main.storyboard */; };
		E3484F421F15BD8C00EB0E08 /* Assets.xcassets in Resources */ = {isa = PBXBuildFile; fileRef = E3484F411F15BD8C00EB0E08 /* Assets.xcassets */; };
		E3484F451F15BD8C00EB0E08 /* LaunchScreen.storyboard in Resources */ = {isa = PBXBuildFile; fileRef = E3484F431F15BD8C00EB0E08 /* LaunchScreen.storyboard */; };
		E3484F4E1F15CC9A00EB0E08 /* SWPinyinRichText.m in Sources */ = {isa = PBXBuildFile; fileRef = E3484F4D1F15CC9A00EB0E08 /* SWPinyinRichText.m */; };
		E3484F571F15EB2600EB0E08 /* SWInterfacedConst.m in Sources */ = {isa = PBXBuildFile; fileRef = E3484F561F15EB2600EB0E08 /* SWInterfacedConst.m */; };
		E3484F5A1F15EC8000EB0E08 /* SWHTTPRequest.m in Sources */ = {isa = PBXBuildFile; fileRef = E3484F591F15EC8000EB0E08 /* SWHTTPRequest.m */; };
		E3484F5D1F160EFC00EB0E08 /* SWAudioPlayer.m in Sources */ = {isa = PBXBuildFile; fileRef = E3484F5C1F160EFC00EB0E08 /* SWAudioPlayer.m */; };
		E3484F611F1617CF00EB0E08 /* music.mp3 in Resources */ = {isa = PBXBuildFile; fileRef = E3484F601F1617CF00EB0E08 /* music.mp3 */; };
		E3484F631F17040200EB0E08 /* u40.png in Resources */ = {isa = PBXBuildFile; fileRef = E3484F621F17040200EB0E08 /* u40.png */; };
		E348501A1F1750DA00EB0E08 /* SWNetworkStatus.m in Sources */ = {isa = PBXBuildFile; fileRef = E34850191F1750DA00EB0E08 /* SWNetworkStatus.m */; };
		E34850201F1761D500EB0E08 /* SWAudioRecorder.m in Sources */ = {isa = PBXBuildFile; fileRef = E348501F1F1761D500EB0E08 /* SWAudioRecorder.m */; };
/* End PBXBuildFile section */

/* Begin PBXFileReference section */
		3579393FBAF62A4DEE1600F0 /* Pods-Demo.release.xcconfig */ = {isa = PBXFileReference; includeInIndex = 1; lastKnownFileType = text.xcconfig; name = "Pods-Demo.release.xcconfig"; path = "Pods/Target Support Files/Pods-Demo/Pods-Demo.release.xcconfig"; sourceTree = "<group>"; };
		D3726868E1BDDE7DA5D110BE /* libPods-Demo.a */ = {isa = PBXFileReference; explicitFileType = archive.ar; includeInIndex = 0; path = "libPods-Demo.a"; sourceTree = BUILT_PRODUCTS_DIR; };
		DEC9868145386CE343DBB5CB /* Pods-Demo.debug.xcconfig */ = {isa = PBXFileReference; includeInIndex = 1; lastKnownFileType = text.xcconfig; name = "Pods-Demo.debug.xcconfig"; path = "Pods/Target Support Files/Pods-Demo/Pods-Demo.debug.xcconfig"; sourceTree = "<group>"; };
		E311D2611F17B70C00F9EA3B /* lame.h */ = {isa = PBXFileReference; fileEncoding = 4; lastKnownFileType = sourcecode.c.h; path = lame.h; sourceTree = "<group>"; };
		E311D2631F17B70C00F9EA3B /* libmp3lame.a */ = {isa = PBXFileReference; lastKnownFileType = archive.ar; path = libmp3lame.a; sourceTree = "<group>"; };
		E3484F321F15BD8C00EB0E08 /* Demo.app */ = {isa = PBXFileReference; explicitFileType = wrapper.application; includeInIndex = 0; path = Demo.app; sourceTree = BUILT_PRODUCTS_DIR; };
		E3484F361F15BD8C00EB0E08 /* main.m */ = {isa = PBXFileReference; lastKnownFileType = sourcecode.c.objc; path = main.m; sourceTree = "<group>"; };
		E3484F381F15BD8C00EB0E08 /* AppDelegate.h */ = {isa = PBXFileReference; lastKnownFileType = sourcecode.c.h; path = AppDelegate.h; sourceTree = "<group>"; };
		E3484F391F15BD8C00EB0E08 /* AppDelegate.m */ = {isa = PBXFileReference; lastKnownFileType = sourcecode.c.objc; path = AppDelegate.m; sourceTree = "<group>"; };
		E3484F3B1F15BD8C00EB0E08 /* ViewController.h */ = {isa = PBXFileReference; lastKnownFileType = sourcecode.c.h; path = ViewController.h; sourceTree = "<group>"; };
		E3484F3C1F15BD8C00EB0E08 /* ViewController.m */ = {isa = PBXFileReference; lastKnownFileType = sourcecode.c.objc; path = ViewController.m; sourceTree = "<group>"; };
		E3484F3F1F15BD8C00EB0E08 /* Base */ = {isa = PBXFileReference; lastKnownFileType = file.storyboard; name = Base; path = Base.lproj/Main.storyboard; sourceTree = "<group>"; };
		E3484F411F15BD8C00EB0E08 /* Assets.xcassets */ = {isa = PBXFileReference; lastKnownFileType = folder.assetcatalog; path = Assets.xcassets; sourceTree = "<group>"; };
		E3484F441F15BD8C00EB0E08 /* Base */ = {isa = PBXFileReference; lastKnownFileType = file.storyboard; name = Base; path = Base.lproj/LaunchScreen.storyboard; sourceTree = "<group>"; };
		E3484F461F15BD8C00EB0E08 /* Info.plist */ = {isa = PBXFileReference; lastKnownFileType = text.plist.xml; path = Info.plist; sourceTree = "<group>"; };
		E3484F4C1F15CC9A00EB0E08 /* SWPinyinRichText.h */ = {isa = PBXFileReference; fileEncoding = 4; lastKnownFileType = sourcecode.c.h; path = SWPinyinRichText.h; sourceTree = "<group>"; };
		E3484F4D1F15CC9A00EB0E08 /* SWPinyinRichText.m */ = {isa = PBXFileReference; fileEncoding = 4; lastKnownFileType = sourcecode.c.objc; path = SWPinyinRichText.m; sourceTree = "<group>"; };
		E3484F551F15EB2600EB0E08 /* SWInterfacedConst.h */ = {isa = PBXFileReference; fileEncoding = 4; lastKnownFileType = sourcecode.c.h; path = SWInterfacedConst.h; sourceTree = "<group>"; };
		E3484F561F15EB2600EB0E08 /* SWInterfacedConst.m */ = {isa = PBXFileReference; fileEncoding = 4; lastKnownFileType = sourcecode.c.objc; path = SWInterfacedConst.m; sourceTree = "<group>"; };
		E3484F581F15EC8000EB0E08 /* SWHTTPRequest.h */ = {isa = PBXFileReference; fileEncoding = 4; lastKnownFileType = sourcecode.c.h; path = SWHTTPRequest.h; sourceTree = "<group>"; };
		E3484F591F15EC8000EB0E08 /* SWHTTPRequest.m */ = {isa = PBXFileReference; fileEncoding = 4; lastKnownFileType = sourcecode.c.objc; path = SWHTTPRequest.m; sourceTree = "<group>"; };
		E3484F5B1F160EFC00EB0E08 /* SWAudioPlayer.h */ = {isa = PBXFileReference; fileEncoding = 4; lastKnownFileType = sourcecode.c.h; path = SWAudioPlayer.h; sourceTree = "<group>"; };
		E3484F5C1F160EFC00EB0E08 /* SWAudioPlayer.m */ = {isa = PBXFileReference; fileEncoding = 4; lastKnownFileType = sourcecode.c.objc; path = SWAudioPlayer.m; sourceTree = "<group>"; };
		E3484F601F1617CF00EB0E08 /* music.mp3 */ = {isa = PBXFileReference; lastKnownFileType = audio.mp3; path = music.mp3; sourceTree = "<group>"; };
		E3484F621F17040200EB0E08 /* u40.png */ = {isa = PBXFileReference; lastKnownFileType = image.png; path = u40.png; sourceTree = "<group>"; };
		E34850181F1750DA00EB0E08 /* SWNetworkStatus.h */ = {isa = PBXFileReference; fileEncoding = 4; lastKnownFileType = sourcecode.c.h; path = SWNetworkStatus.h; sourceTree = "<group>"; };
		E34850191F1750DA00EB0E08 /* SWNetworkStatus.m */ = {isa = PBXFileReference; fileEncoding = 4; lastKnownFileType = sourcecode.c.objc; path = SWNetworkStatus.m; sourceTree = "<group>"; };
		E348501E1F1761D500EB0E08 /* SWAudioRecorder.h */ = {isa = PBXFileReference; fileEncoding = 4; lastKnownFileType = sourcecode.c.h; path = SWAudioRecorder.h; sourceTree = "<group>"; };
		E348501F1F1761D500EB0E08 /* SWAudioRecorder.m */ = {isa = PBXFileReference; fileEncoding = 4; lastKnownFileType = sourcecode.c.objc; path = SWAudioRecorder.m; sourceTree = "<group>"; };
/* End PBXFileReference section */

/* Begin PBXFrameworksBuildPhase section */
		E3484F2F1F15BD8C00EB0E08 /* Frameworks */ = {
			isa = PBXFrameworksBuildPhase;
			buildActionMask = 2147483647;
			files = (
				9744A2116F178D5162730792 /* libPods-Demo.a in Frameworks */,
				E311D2641F17B70C00F9EA3B /* libmp3lame.a in Frameworks */,
			);
			runOnlyForDeploymentPostprocessing = 0;
		};
/* End PBXFrameworksBuildPhase section */

/* Begin PBXGroup section */
		153001BE2463DA7AD3D64202 /* Frameworks */ = {
			isa = PBXGroup;
			children = (
				D3726868E1BDDE7DA5D110BE /* libPods-Demo.a */,
			);
			name = Frameworks;
			sourceTree = "<group>";
		};
		E311D25E1F17B70C00F9EA3B /* lame */ = {
			isa = PBXGroup;
			children = (
				E311D25F1F17B70C00F9EA3B /* include */,
				E311D2621F17B70C00F9EA3B /* lib */,
			);
			path = lame;
			sourceTree = "<group>";
		};
		E311D25F1F17B70C00F9EA3B /* include */ = {
			isa = PBXGroup;
			children = (
				E311D2601F17B70C00F9EA3B /* lame */,
			);
			path = include;
			sourceTree = "<group>";
		};
		E311D2601F17B70C00F9EA3B /* lame */ = {
			isa = PBXGroup;
			children = (
				E311D2611F17B70C00F9EA3B /* lame.h */,
			);
			path = lame;
			sourceTree = "<group>";
		};
		E311D2621F17B70C00F9EA3B /* lib */ = {
			isa = PBXGroup;
			children = (
				E311D2631F17B70C00F9EA3B /* libmp3lame.a */,
			);
			path = lib;
			sourceTree = "<group>";
		};
		E3484F291F15BD8C00EB0E08 = {
			isa = PBXGroup;
			children = (
				E3484F341F15BD8C00EB0E08 /* Demo */,
				E3484F331F15BD8C00EB0E08 /* Products */,
				F0A767658D7FDF9A065D6EAB /* Pods */,
				153001BE2463DA7AD3D64202 /* Frameworks */,
			);
			sourceTree = "<group>";
		};
		E3484F331F15BD8C00EB0E08 /* Products */ = {
			isa = PBXGroup;
			children = (
				E3484F321F15BD8C00EB0E08 /* Demo.app */,
			);
			name = Products;
			sourceTree = "<group>";
		};
		E3484F341F15BD8C00EB0E08 /* Demo */ = {
			isa = PBXGroup;
			children = (
				E311D25E1F17B70C00F9EA3B /* lame */,
				E3484F381F15BD8C00EB0E08 /* AppDelegate.h */,
				E3484F391F15BD8C00EB0E08 /* AppDelegate.m */,
				E3484F3B1F15BD8C00EB0E08 /* ViewController.h */,
				E3484F3C1F15BD8C00EB0E08 /* ViewController.m */,
				E3484F351F15BD8C00EB0E08 /* Supporting Files */,
				E3484F4C1F15CC9A00EB0E08 /* SWPinyinRichText.h */,
				E3484F4D1F15CC9A00EB0E08 /* SWPinyinRichText.m */,
				E3484F551F15EB2600EB0E08 /* SWInterfacedConst.h */,
				E3484F561F15EB2600EB0E08 /* SWInterfacedConst.m */,
				E3484F581F15EC8000EB0E08 /* SWHTTPRequest.h */,
				E3484F591F15EC8000EB0E08 /* SWHTTPRequest.m */,
				E3484F5B1F160EFC00EB0E08 /* SWAudioPlayer.h */,
				E3484F5C1F160EFC00EB0E08 /* SWAudioPlayer.m */,
				E34850181F1750DA00EB0E08 /* SWNetworkStatus.h */,
				E34850191F1750DA00EB0E08 /* SWNetworkStatus.m */,
				E348501E1F1761D500EB0E08 /* SWAudioRecorder.h */,
				E348501F1F1761D500EB0E08 /* SWAudioRecorder.m */,
				E3484F601F1617CF00EB0E08 /* music.mp3 */,
				E3484F621F17040200EB0E08 /* u40.png */,
			);
			path = Demo;
			sourceTree = "<group>";
		};
		E3484F351F15BD8C00EB0E08 /* Supporting Files */ = {
			isa = PBXGroup;
			children = (
				E3484F3E1F15BD8C00EB0E08 /* Main.storyboard */,
				E3484F411F15BD8C00EB0E08 /* Assets.xcassets */,
				E3484F431F15BD8C00EB0E08 /* LaunchScreen.storyboard */,
				E3484F461F15BD8C00EB0E08 /* Info.plist */,
				E3484F361F15BD8C00EB0E08 /* main.m */,
			);
			name = "Supporting Files";
			sourceTree = "<group>";
		};
		F0A767658D7FDF9A065D6EAB /* Pods */ = {
			isa = PBXGroup;
			children = (
				DEC9868145386CE343DBB5CB /* Pods-Demo.debug.xcconfig */,
				3579393FBAF62A4DEE1600F0 /* Pods-Demo.release.xcconfig */,
			);
			name = Pods;
			sourceTree = "<group>";
		};
/* End PBXGroup section */

/* Begin PBXNativeTarget section */
		E3484F311F15BD8C00EB0E08 /* Demo */ = {
			isa = PBXNativeTarget;
			buildConfigurationList = E3484F491F15BD8C00EB0E08 /* Build configuration list for PBXNativeTarget "Demo" */;
			buildPhases = (
				A035934E8F02F3C8F2D23E77 /* [CP] Check Pods Manifest.lock */,
				E3484F2E1F15BD8C00EB0E08 /* Sources */,
				E3484F2F1F15BD8C00EB0E08 /* Frameworks */,
				E3484F301F15BD8C00EB0E08 /* Resources */,
				D77F0B82D74DC2B8BFB1A3DC /* [CP] Embed Pods Frameworks */,
				222E7F6758E36C09AD1BC5AA /* [CP] Copy Pods Resources */,
			);
			buildRules = (
			);
			dependencies = (
			);
			name = Demo;
			productName = Demo;
			productReference = E3484F321F15BD8C00EB0E08 /* Demo.app */;
			productType = "com.apple.product-type.application";
		};
/* End PBXNativeTarget section */

/* Begin PBXProject section */
		E3484F2A1F15BD8C00EB0E08 /* Project object */ = {
			isa = PBXProject;
			attributes = {
				LastUpgradeCheck = 0830;
				ORGANIZATIONNAME = huayutime;
				TargetAttributes = {
					E3484F311F15BD8C00EB0E08 = {
						CreatedOnToolsVersion = 8.3.3;
						DevelopmentTeam = LQ39P5TB68;
						ProvisioningStyle = Automatic;
						SystemCapabilities = {
							com.apple.BackgroundModes = {
								enabled = 1;
							};
						};
					};
				};
			};
			buildConfigurationList = E3484F2D1F15BD8C00EB0E08 /* Build configuration list for PBXProject "Demo" */;
			compatibilityVersion = "Xcode 3.2";
			developmentRegion = English;
			hasScannedForEncodings = 0;
			knownRegions = (
				en,
				Base,
			);
			mainGroup = E3484F291F15BD8C00EB0E08;
			productRefGroup = E3484F331F15BD8C00EB0E08 /* Products */;
			projectDirPath = "";
			projectRoot = "";
			targets = (
				E3484F311F15BD8C00EB0E08 /* Demo */,
			);
		};
/* End PBXProject section */

/* Begin PBXResourcesBuildPhase section */
		E3484F301F15BD8C00EB0E08 /* Resources */ = {
			isa = PBXResourcesBuildPhase;
			buildActionMask = 2147483647;
			files = (
				E3484F611F1617CF00EB0E08 /* music.mp3 in Resources */,
				E3484F631F17040200EB0E08 /* u40.png in Resources */,
				E3484F451F15BD8C00EB0E08 /* LaunchScreen.storyboard in Resources */,
				E3484F421F15BD8C00EB0E08 /* Assets.xcassets in Resources */,
				E3484F401F15BD8C00EB0E08 /* Main.storyboard in Resources */,
			);
			runOnlyForDeploymentPostprocessing = 0;
		};
/* End PBXResourcesBuildPhase section */

/* Begin PBXShellScriptBuildPhase section */
		222E7F6758E36C09AD1BC5AA /* [CP] Copy Pods Resources */ = {
			isa = PBXShellScriptBuildPhase;
			buildActionMask = 2147483647;
			files = (
			);
			inputPaths = (
			);
			name = "[CP] Copy Pods Resources";
			outputPaths = (
			);
			runOnlyForDeploymentPostprocessing = 0;
			shellPath = /bin/sh;
			shellScript = "\"${SRCROOT}/Pods/Target Support Files/Pods-Demo/Pods-Demo-resources.sh\"\n";
			showEnvVarsInLog = 0;
		};
		A035934E8F02F3C8F2D23E77 /* [CP] Check Pods Manifest.lock */ = {
			isa = PBXShellScriptBuildPhase;
			buildActionMask = 2147483647;
			files = (
			);
			inputPaths = (
			);
			name = "[CP] Check Pods Manifest.lock";
			outputPaths = (
			);
			runOnlyForDeploymentPostprocessing = 0;
			shellPath = /bin/sh;
			shellScript = "diff \"${PODS_PODFILE_DIR_PATH}/Podfile.lock\" \"${PODS_ROOT}/Manifest.lock\" > /dev/null\nif [ $? != 0 ] ; then\n    # print error to STDERR\n    echo \"error: The sandbox is not in sync with the Podfile.lock. Run 'pod install' or update your CocoaPods installation.\" >&2\n    exit 1\nfi\n";
			showEnvVarsInLog = 0;
		};
		D77F0B82D74DC2B8BFB1A3DC /* [CP] Embed Pods Frameworks */ = {
			isa = PBXShellScriptBuildPhase;
			buildActionMask = 2147483647;
			files = (
			);
			inputPaths = (
			);
			name = "[CP] Embed Pods Frameworks";
			outputPaths = (
			);
			runOnlyForDeploymentPostprocessing = 0;
			shellPath = /bin/sh;
			shellScript = "\"${SRCROOT}/Pods/Target Support Files/Pods-Demo/Pods-Demo-frameworks.sh\"\n";
			showEnvVarsInLog = 0;
		};
/* End PBXShellScriptBuildPhase section */

/* Begin PBXSourcesBuildPhase section */
		E3484F2E1F15BD8C00EB0E08 /* Sources */ = {
			isa = PBXSourcesBuildPhase;
			buildActionMask = 2147483647;
			files = (
				E3484F3D1F15BD8C00EB0E08 /* ViewController.m in Sources */,
				E3484F3A1F15BD8C00EB0E08 /* AppDelegate.m in Sources */,
				E3484F571F15EB2600EB0E08 /* SWInterfacedConst.m in Sources */,
				E3484F371F15BD8C00EB0E08 /* main.m in Sources */,
				E348501A1F1750DA00EB0E08 /* SWNetworkStatus.m in Sources */,
				E3484F5D1F160EFC00EB0E08 /* SWAudioPlayer.m in Sources */,
				E34850201F1761D500EB0E08 /* SWAudioRecorder.m in Sources */,
				E3484F4E1F15CC9A00EB0E08 /* SWPinyinRichText.m in Sources */,
				E3484F5A1F15EC8000EB0E08 /* SWHTTPRequest.m in Sources */,
			);
			runOnlyForDeploymentPostprocessing = 0;
		};
/* End PBXSourcesBuildPhase section */

/* Begin PBXVariantGroup section */
		E3484F3E1F15BD8C00EB0E08 /* Main.storyboard */ = {
			isa = PBXVariantGroup;
			children = (
				E3484F3F1F15BD8C00EB0E08 /* Base */,
			);
			name = Main.storyboard;
			sourceTree = "<group>";
		};
		E3484F431F15BD8C00EB0E08 /* LaunchScreen.storyboard */ = {
			isa = PBXVariantGroup;
			children = (
				E3484F441F15BD8C00EB0E08 /* Base */,
			);
			name = LaunchScreen.storyboard;
			sourceTree = "<group>";
		};
/* End PBXVariantGroup section */

/* Begin XCBuildConfiguration section */
		E3484F471F15BD8C00EB0E08 /* Debug */ = {
			isa = XCBuildConfiguration;
			buildSettings = {
				ALWAYS_SEARCH_USER_PATHS = NO;
				CLANG_ANALYZER_NONNULL = YES;
				CLANG_ANALYZER_NUMBER_OBJECT_CONVERSION = YES_AGGRESSIVE;
				CLANG_CXX_LANGUAGE_STANDARD = "gnu++0x";
				CLANG_CXX_LIBRARY = "libc++";
				CLANG_ENABLE_MODULES = YES;
				CLANG_ENABLE_OBJC_ARC = YES;
				CLANG_WARN_BOOL_CONVERSION = YES;
				CLANG_WARN_CONSTANT_CONVERSION = YES;
				CLANG_WARN_DIRECT_OBJC_ISA_USAGE = YES_ERROR;
				CLANG_WARN_DOCUMENTATION_COMMENTS = YES;
				CLANG_WARN_EMPTY_BODY = YES;
				CLANG_WARN_ENUM_CONVERSION = YES;
				CLANG_WARN_INFINITE_RECURSION = YES;
				CLANG_WARN_INT_CONVERSION = YES;
				CLANG_WARN_OBJC_ROOT_CLASS = YES_ERROR;
				CLANG_WARN_SUSPICIOUS_MOVE = YES;
				CLANG_WARN_UNREACHABLE_CODE = YES;
				CLANG_WARN__DUPLICATE_METHOD_MATCH = YES;
				"CODE_SIGN_IDENTITY[sdk=iphoneos*]" = "iPhone Developer";
				COPY_PHASE_STRIP = NO;
				DEBUG_INFORMATION_FORMAT = dwarf;
				ENABLE_STRICT_OBJC_MSGSEND = YES;
				ENABLE_TESTABILITY = YES;
				GCC_C_LANGUAGE_STANDARD = gnu99;
				GCC_DYNAMIC_NO_PIC = NO;
				GCC_NO_COMMON_BLOCKS = YES;
				GCC_OPTIMIZATION_LEVEL = 0;
				GCC_PREPROCESSOR_DEFINITIONS = (
					"DEBUG=1",
					"$(inherited)",
				);
				GCC_WARN_64_TO_32_BIT_CONVERSION = YES;
				GCC_WARN_ABOUT_RETURN_TYPE = YES_ERROR;
				GCC_WARN_UNDECLARED_SELECTOR = YES;
				GCC_WARN_UNINITIALIZED_AUTOS = YES_AGGRESSIVE;
				GCC_WARN_UNUSED_FUNCTION = YES;
				GCC_WARN_UNUSED_VARIABLE = YES;
				IPHONEOS_DEPLOYMENT_TARGET = 10.3;
				MTL_ENABLE_DEBUG_INFO = YES;
				ONLY_ACTIVE_ARCH = YES;
				SDKROOT = iphoneos;
			};
			name = Debug;
		};
		E3484F481F15BD8C00EB0E08 /* Release */ = {
			isa = XCBuildConfiguration;
			buildSettings = {
				ALWAYS_SEARCH_USER_PATHS = NO;
				CLANG_ANALYZER_NONNULL = YES;
				CLANG_ANALYZER_NUMBER_OBJECT_CONVERSION = YES_AGGRESSIVE;
				CLANG_CXX_LANGUAGE_STANDARD = "gnu++0x";
				CLANG_CXX_LIBRARY = "libc++";
				CLANG_ENABLE_MODULES = YES;
				CLANG_ENABLE_OBJC_ARC = YES;
				CLANG_WARN_BOOL_CONVERSION = YES;
				CLANG_WARN_CONSTANT_CONVERSION = YES;
				CLANG_WARN_DIRECT_OBJC_ISA_USAGE = YES_ERROR;
				CLANG_WARN_DOCUMENTATION_COMMENTS = YES;
				CLANG_WARN_EMPTY_BODY = YES;
				CLANG_WARN_ENUM_CONVERSION = YES;
				CLANG_WARN_INFINITE_RECURSION = YES;
				CLANG_WARN_INT_CONVERSION = YES;
				CLANG_WARN_OBJC_ROOT_CLASS = YES_ERROR;
				CLANG_WARN_SUSPICIOUS_MOVE = YES;
				CLANG_WARN_UNREACHABLE_CODE = YES;
				CLANG_WARN__DUPLICATE_METHOD_MATCH = YES;
				"CODE_SIGN_IDENTITY[sdk=iphoneos*]" = "iPhone Developer";
				COPY_PHASE_STRIP = NO;
				DEBUG_INFORMATION_FORMAT = "dwarf-with-dsym";
				ENABLE_NS_ASSERTIONS = NO;
				ENABLE_STRICT_OBJC_MSGSEND = YES;
				GCC_C_LANGUAGE_STANDARD = gnu99;
				GCC_NO_COMMON_BLOCKS = YES;
				GCC_WARN_64_TO_32_BIT_CONVERSION = YES;
				GCC_WARN_ABOUT_RETURN_TYPE = YES_ERROR;
				GCC_WARN_UNDECLARED_SELECTOR = YES;
				GCC_WARN_UNINITIALIZED_AUTOS = YES_AGGRESSIVE;
				GCC_WARN_UNUSED_FUNCTION = YES;
				GCC_WARN_UNUSED_VARIABLE = YES;
				IPHONEOS_DEPLOYMENT_TARGET = 10.3;
				MTL_ENABLE_DEBUG_INFO = NO;
				SDKROOT = iphoneos;
				VALIDATE_PRODUCT = YES;
			};
			name = Release;
		};
		E3484F4A1F15BD8C00EB0E08 /* Debug */ = {
			isa = XCBuildConfiguration;
			baseConfigurationReference = DEC9868145386CE343DBB5CB /* Pods-Demo.debug.xcconfig */;
			buildSettings = {
				ASSETCATALOG_COMPILER_APPICON_NAME = AppIcon;
				DEVELOPMENT_TEAM = LQ39P5TB68;
				INFOPLIST_FILE = Demo/Info.plist;
				LD_RUNPATH_SEARCH_PATHS = "$(inherited) @executable_path/Frameworks";
				LIBRARY_SEARCH_PATHS = (
					"$(inherited)",
					"$(PROJECT_DIR)/Demo/lame",
					"$(PROJECT_DIR)/Demo/lame/lib",
				);
				PRODUCT_BUNDLE_IDENTIFIER = com.huayutime.Demo;
				PRODUCT_NAME = "$(TARGET_NAME)";
			};
			name = Debug;
		};
		E3484F4B1F15BD8C00EB0E08 /* Release */ = {
			isa = XCBuildConfiguration;
			baseConfigurationReference = 3579393FBAF62A4DEE1600F0 /* Pods-Demo.release.xcconfig */;
			buildSettings = {
				ASSETCATALOG_COMPILER_APPICON_NAME = AppIcon;
				DEVELOPMENT_TEAM = LQ39P5TB68;
				INFOPLIST_FILE = Demo/Info.plist;
				LD_RUNPATH_SEARCH_PATHS = "$(inherited) @executable_path/Frameworks";
				LIBRARY_SEARCH_PATHS = (
					"$(inherited)",
					"$(PROJECT_DIR)/Demo/lame",
					"$(PROJECT_DIR)/Demo/lame/lib",
				);
				PRODUCT_BUNDLE_IDENTIFIER = com.huayutime.Demo;
				PRODUCT_NAME = "$(TARGET_NAME)";
			};
			name = Release;
		};
/* End XCBuildConfiguration section */

/* Begin XCConfigurationList section */
		E3484F2D1F15BD8C00EB0E08 /* Build configuration list for PBXProject "Demo" */ = {
			isa = XCConfigurationList;
			buildConfigurations = (
				E3484F471F15BD8C00EB0E08 /* Debug */,
				E3484F481F15BD8C00EB0E08 /* Release */,
			);
			defaultConfigurationIsVisible = 0;
			defaultConfigurationName = Release;
		};
		E3484F491F15BD8C00EB0E08 /* Build configuration list for PBXNativeTarget "Demo" */ = {
			isa = XCConfigurationList;
			buildConfigurations = (
				E3484F4A1F15BD8C00EB0E08 /* Debug */,
				E3484F4B1F15BD8C00EB0E08 /* Release */,
			);
			defaultConfigurationIsVisible = 0;
			defaultConfigurationName = Release;
		};
/* End XCConfigurationList section */
	};
	rootObject = E3484F2A1F15BD8C00EB0E08 /* Project object */;
}
